
Microsoft Visual Studio Solution File, Format Version 12.00
# Visual Studio Version 17
VisualStudioVersion = 17.4.33213.308
MinimumVisualStudioVersion = 10.0.40219.1
Project("{FAE04EC0-301F-11D3-BF4B-00C04F79EFBC}") = "WindowsFormsApp1", "WindowsFormsApp1\WindowsFormsApp1.csproj", "{416EEF77-CF88-4366-BB7B-36FCED466CAA}"
EndProject
Global
	GlobalSection(SolutionConfigurationPlatforms) = preSolution
		Debug|Any CPU = Debug|Any CPU
		Release|Any CPU = Release|Any CPU
	EndGlobalSection
	GlobalSection(ProjectConfigurationPlatforms) = postSolution
		{416EEF77-CF88-4366-BB7B-36FCED466CAA}.Debug|Any CPU.ActiveCfg = Debug|Any CPU
		{416EEF77-CF88-4366-BB7B-36FCED466CAA}.Debug|Any CPU.Build.0 = Debug|Any CPU
		{416EEF77-CF88-4366-BB7B-36FCED466CAA}.Release|Any CPU.ActiveCfg = Release|Any CPU
		{416EEF77-CF88-4366-BB7B-36FCED466CAA}.Release|Any CPU.Build.0 = Release|Any CPU
	EndGlobalSection
	GlobalSection(SolutionProperties) = preSolution
		HideSolutionNode = FALSE
	EndGlobalSection
	GlobalSection(ExtensibilityGlobals) = postSolution
		SolutionGuid = {06AEC982-2988-4EE9-B1E0-831A34A53DD1}
	EndGlobalSection
EndGlobal
